%{"accept": {:hex, :accept, "0.3.3", "548ebb6fb2e8b0d170e75bb6123aea6ceecb0189bb1231eeadf52eac08384a97", [:rebar3], []},
  "bunt": {:hex, :bunt, "0.2.0", "951c6e801e8b1d2cbe58ebbd3e616a869061ddadcc4863d0a2182541acae9a38", [:mix], []},
  "certifi": {:hex, :certifi, "2.0.0", "a0c0e475107135f76b8c1d5bc7efb33cd3815cb3cf3dea7aefdd174dabead064", [:rebar3], []},
  "cowboy": {:hex, :cowboy, "1.1.2", "61ac29ea970389a88eca5a65601460162d370a70018afe6f949a29dca91f3bb0", [:rebar3], [{:cowlib, "~> 1.0.2", [hex: :cowlib, optional: false]}, {:ranch, "~> 1.3.2", [hex: :ranch, optional: false]}]},
  "cowlib": {:hex, :cowlib, "1.0.2", "9d769a1d062c9c3ac753096f868ca121e2730b9a377de23dec0f7e08b1df84ee", [:make], []},
  "credo": {:git, "https://github.com/rrrene/credo", "eb36a6a9d852909a7f2ae949e7ad8ee6da228ef2", []},
  "distillery": {:hex, :distillery, "1.4.1", "546d851bf27ae8fe0727e10e4fc4e146ad836eecee138263a60431e688044ed3", [:mix], []},
  "file_system": {:hex, :file_system, "0.1.5", "4f20ec7d186cd84ad478bd5477061aeb993b36b5458872041bbabba8b09d36ff", [:mix], []},
  "fuse": {:hex, :fuse, "2.4.0", "499ab65d3b1d291909973e1c25bdc55a17379fb26899f25eb68b6437a880de1b", [:make, :rebar], []},
  "gettext": {:hex, :gettext, "0.13.1", "5e0daf4e7636d771c4c71ad5f3f53ba09a9ae5c250e1ab9c42ba9edccc476263", [:mix], []},
  "hackney": {:hex, :hackney, "1.9.0", "51c506afc0a365868469dcfc79a9d0b94d896ec741cfd5bd338f49a5ec515bfe", [:rebar3], [{:certifi, "2.0.0", [hex: :certifi, optional: false]}, {:idna, "5.1.0", [hex: :idna, optional: false]}, {:metrics, "1.0.1", [hex: :metrics, optional: false]}, {:mimerl, "1.0.2", [hex: :mimerl, optional: false]}, {:ssl_verify_fun, "1.1.1", [hex: :ssl_verify_fun, optional: false]}]},
  "idna": {:hex, :idna, "5.1.0", "d72b4effeb324ad5da3cab1767cb16b17939004e789d8c0ad5b70f3cea20c89a", [:rebar3], [{:unicode_util_compat, "0.3.1", [hex: :unicode_util_compat, optional: false]}]},
  "jsx": {:hex, :jsx, "2.8.2", "7acc7d785b5abe8a6e9adbde926a24e481f29956dd8b4df49e3e4e7bcc92a018", [:mix, :rebar3], []},
  "metrics": {:hex, :metrics, "1.0.1", "25f094dea2cda98213cecc3aeff09e940299d950904393b2a29d191c346a8486", [:rebar3], []},
  "mime": {:hex, :mime, "1.1.0", "01c1d6f4083d8aa5c7b8c246ade95139620ef8effb009edde934e0ec3b28090a", [:mix], []},
  "mimerl": {:hex, :mimerl, "1.0.2", "993f9b0e084083405ed8252b99460c4f0563e41729ab42d9074fd5e52439be88", [:rebar3], []},
  "phoenix": {:hex, :phoenix, "1.3.0", "1c01124caa1b4a7af46f2050ff11b267baa3edb441b45dbf243e979cd4c5891b", [:mix], [{:cowboy, "~> 1.0", [hex: :cowboy, optional: true]}, {:phoenix_pubsub, "~> 1.0", [hex: :phoenix_pubsub, optional: false]}, {:plug, "~> 1.3.3 or ~> 1.4", [hex: :plug, optional: false]}, {:poison, "~> 2.2 or ~> 3.0", [hex: :poison, optional: false]}]},
  "phoenix_html": {:hex, :phoenix_html, "2.10.3", "432dec9e04372eeb7a6dbf59a778cf43eb44518441932217371fa535f2bcfd80", [:mix], [{:plug, "~> 1.0", [hex: :plug, optional: false]}]},
  "phoenix_live_reload": {:hex, :phoenix_live_reload, "1.1.0", "975d6bba8d75d20a63659b6f057eecaa1e96b42fa19cebc304031ac3184d744e", [:mix], [{:file_system, "~> 0.1", [hex: :file_system, optional: false]}, {:phoenix, "~> 1.0 or ~> 1.2 or ~> 1.3", [hex: :phoenix, optional: false]}]},
  "phoenix_pubsub": {:hex, :phoenix_pubsub, "1.0.2", "bfa7fd52788b5eaa09cb51ff9fcad1d9edfeb68251add458523f839392f034c1", [:mix], []},
  "plug": {:hex, :plug, "1.4.3", "236d77ce7bf3e3a2668dc0d32a9b6f1f9b1f05361019946aae49874904be4aed", [:mix], [{:cowboy, "~> 1.0.1 or ~> 1.1", [hex: :cowboy, optional: true]}, {:mime, "~> 1.0", [hex: :mime, optional: false]}]},
  "poison": {:hex, :poison, "3.1.0", "d9eb636610e096f86f25d9a46f35a9facac35609a7591b3be3326e99a0484665", [:mix], []},
  "prometheus": {:hex, :prometheus, "3.3.2", "5ee678fdf835ede650a8b03819961859f2c403ac12dac52e60ee4b45f4e3b6db", [:mix, :rebar3], []},
  "prometheus_ex": {:hex, :prometheus_ex, "1.3.0", "eddc8cc9e384fcf20c4d42f71e539b49705bb44f95f5e1b19b967fad92c63526", [:mix], [{:prometheus, "~> 3.3", [hex: :prometheus, optional: false]}]},
  "prometheus_phoenix": {:hex, :prometheus_phoenix, "1.2.0", "c0e5525389a0a22d5f5a71edb1931ec75f31a6433bdc5d693d8466b24b5480fb", [:mix], [{:phoenix, "~> 1.3", [hex: :phoenix, optional: false]}, {:prometheus_ex, "~> 1.3", [hex: :prometheus_ex, optional: false]}]},
  "prometheus_plugs": {:hex, :prometheus_plugs, "1.1.3", "53bb8cb31121e4491928ed56c0346a7a7571c830e9abdcd3205f09c65c0256c7", [:mix], [{:accept, "~> 0.1", [hex: :accept, optional: false]}, {:plug, "~> 1.0", [hex: :plug, optional: false]}, {:prometheus_ex, "~> 1.1", [hex: :prometheus_ex, optional: false]}, {:prometheus_process_collector, "~> 1.0.0", [hex: :prometheus_process_collector, optional: true]}]},
  "ranch": {:hex, :ranch, "1.3.2", "e4965a144dc9fbe70e5c077c65e73c57165416a901bd02ea899cfd95aa890986", [:rebar3], []},
  "smerl": {:hex, :smerl, "0.0.1", "dac7a866604106c83e7c90d3ee068712cc3c69781b4fc0b6ae09593569efab23", [:rebar3], []},
  "ssl_verify_fun": {:hex, :ssl_verify_fun, "1.1.1", "28a4d65b7f59893bc2c7de786dec1e1555bd742d336043fe644ae956c3497fbe", [:make, :rebar], []},
  "unicode_util_compat": {:hex, :unicode_util_compat, "0.3.1", "a1f612a7b512638634a603c8f401892afbf99b8ce93a45041f8aaca99cadb85e", [:rebar3], []}}
